
Microsoft Visual Studio Solution File, Format Version 12.00
# Visual Studio Version 16
VisualStudioVersion = 16.0.33214.272
MinimumVisualStudioVersion = 10.0.40219.1
Project("{FAE04EC0-301F-11D3-BF4B-00C04F79EFBC}") = "MSTestExample", "MSTestExample\MSTestExample.csproj", "{EAB006F1-B168-4BD2-A25F-9F6D43D0AF8C}"
EndProject
Global
	GlobalSection(SolutionConfigurationPlatforms) = preSolution
		Debug|Any CPU = Debug|Any CPU
		Release|Any CPU = Release|Any CPU
	EndGlobalSection
	GlobalSection(ProjectConfigurationPlatforms) = postSolution
		{EAB006F1-B168-4BD2-A25F-9F6D43D0AF8C}.Debug|Any CPU.ActiveCfg = Debug|Any CPU
		{EAB006F1-B168-4BD2-A25F-9F6D43D0AF8C}.Debug|Any CPU.Build.0 = Debug|Any CPU
		{EAB006F1-B168-4BD2-A25F-9F6D43D0AF8C}.Release|Any CPU.ActiveCfg = Release|Any CPU
		{EAB006F1-B168-4BD2-A25F-9F6D43D0AF8C}.Release|Any CPU.Build.0 = Release|Any CPU
	EndGlobalSection
	GlobalSection(SolutionProperties) = preSolution
		HideSolutionNode = FALSE
	EndGlobalSection
	GlobalSection(ExtensibilityGlobals) = postSolution
		SolutionGuid = {35922610-E557-4504-92B2-6ED6EA538EF7}
	EndGlobalSection
EndGlobal
